# This file is automatically @generated by Poetry 2.1.1 and should not be changed by hand.

[[package]]
name = "cfgv"
version = "3.4.0"
description = "Validate configuration and produce human readable error messages."
optional = false
python-versions = ">=3.8"
groups = ["dev"]
files = [
    {file = "cfgv-3.4.0-py2.py3-none-any.whl", hash = "sha256:b7265b1f29fd3316bfcd2b330d63d024f2bfd8bcb8b0272f8e19a504856c48f9"},
    {file = "cfgv-3.4.0.tar.gz", hash = "sha256:e52591d4c5f5dead8e0f673fb16db7949d2cfb3f7da4582893288f0ded8fe560"},
]

[[package]]
name = "colorama"
version = "0.4.6"
description = "Cross-platform colored terminal text."
optional = false
python-versions = "!=3.0.*,!=3.1.*,!=3.2.*,!=3.3.*,!=3.4.*,!=3.5.*,!=3.6.*,>=2.7"
groups = ["test"]
markers = "sys_platform == \"win32\""
files = [
    {file = "colorama-0.4.6-py2.py3-none-any.whl", hash = "sha256:4f1d9991f5acc0ca119f9d443620b77f9d6b33703e51011c16baf57afb285fc6"},
    {file = "colorama-0.4.6.tar.gz", hash = "sha256:08695f5cb7ed6e0531a20572697297273c47b8cae5a63ffc6d6ed5c201be6e44"},
]

[[package]]
name = "coverage"
version = "7.9.2"
description = "Code coverage measurement for Python"
optional = false
python-versions = ">=3.9"
groups = ["test"]
files = [
    {file = "coverage-7.9.2-cp310-cp310-macosx_10_9_x86_64.whl", hash = "sha256:66283a192a14a3854b2e7f3418d7db05cdf411012ab7ff5db98ff3b181e1f912"},
    {file = "coverage-7.9.2-cp310-cp310-macosx_11_0_arm64.whl", hash = "sha256:4e01d138540ef34fcf35c1aa24d06c3de2a4cffa349e29a10056544f35cca15f"},
    {file = "coverage-7.9.2-cp310-cp310-manylinux_2_17_aarch64.manylinux2014_aarch64.whl", hash = "sha256:f22627c1fe2745ee98d3ab87679ca73a97e75ca75eb5faee48660d060875465f"},
    {file = "coverage-7.9.2-cp310-cp310-manylinux_2_5_i686.manylinux1_i686.manylinux_2_17_i686.manylinux2014_i686.whl", hash = "sha256:4b1c2d8363247b46bd51f393f86c94096e64a1cf6906803fa8d5a9d03784bdbf"},
    {file = "coverage-7.9.2-cp310-cp310-manylinux_2_5_x86_64.manylinux1_x86_64.manylinux_2_17_x86_64.manylinux2014_x86_64.whl", hash = "sha256:c10c882b114faf82dbd33e876d0cbd5e1d1ebc0d2a74ceef642c6152f3f4d547"},
    {file = "coverage-7.9.2-cp310-cp310-musllinux_1_2_aarch64.whl", hash = "sha256:de3c0378bdf7066c3988d66cd5232d161e933b87103b014ab1b0b4676098fa45"},
    {file = "coverage-7.9.2-cp310-cp310-musllinux_1_2_i686.whl", hash = "sha256:1e2f097eae0e5991e7623958a24ced3282676c93c013dde41399ff63e230fcf2"},
    {file = "coverage-7.9.2-cp310-cp310-musllinux_1_2_x86_64.whl", hash = "sha256:28dc1f67e83a14e7079b6cea4d314bc8b24d1aed42d3582ff89c0295f09b181e"},
    {file = "coverage-7.9.2-cp310-cp310-win32.whl", hash = "sha256:bf7d773da6af9e10dbddacbf4e5cab13d06d0ed93561d44dae0188a42c65be7e"},
    {file = "coverage-7.9.2-cp310-cp310-win_amd64.whl", hash = "sha256:0c0378ba787681ab1897f7c89b415bd56b0b2d9a47e5a3d8dc0ea55aac118d6c"},
    {file = "coverage-7.9.2-cp311-cp311-macosx_10_9_x86_64.whl", hash = "sha256:a7a56a2964a9687b6aba5b5ced6971af308ef6f79a91043c05dd4ee3ebc3e9ba"},
    {file = "coverage-7.9.2-cp311-cp311-macosx_11_0_arm64.whl", hash = "sha256:123d589f32c11d9be7fe2e66d823a236fe759b0096f5db3fb1b75b2fa414a4fa"},
    {file = "coverage-7.9.2-cp311-cp311-manylinux_2_17_aarch64.manylinux2014_aarch64.whl", hash = "sha256:333b2e0ca576a7dbd66e85ab402e35c03b0b22f525eed82681c4b866e2e2653a"},
    {file = "coverage-7.9.2-cp311-cp311-manylinux_2_5_i686.manylinux1_i686.manylinux_2_17_i686.manylinux2014_i686.whl", hash = "sha256:326802760da234baf9f2f85a39e4a4b5861b94f6c8d95251f699e4f73b1835dc"},
    {file = "coverage-7.9.2-cp311-cp311-manylinux_2_5_x86_64.manylinux1_x86_64.manylinux_2_17_x86_64.manylinux2014_x86_64.whl", hash = "sha256:19e7be4cfec248df38ce40968c95d3952fbffd57b400d4b9bb580f28179556d2"},
    {file = "coverage-7.9.2-cp311-cp311-musllinux_1_2_aarch64.whl", hash = "sha256:0b4a4cb73b9f2b891c1788711408ef9707666501ba23684387277ededab1097c"},
    {file = "coverage-7.9.2-cp311-cp311-musllinux_1_2_i686.whl", hash = "sha256:2c8937fa16c8c9fbbd9f118588756e7bcdc7e16a470766a9aef912dd3f117dbd"},
    {file = "coverage-7.9.2-cp311-cp311-musllinux_1_2_x86_64.whl", hash = "sha256:42da2280c4d30c57a9b578bafd1d4494fa6c056d4c419d9689e66d775539be74"},
    {file = "coverage-7.9.2-cp311-cp311-win32.whl", hash = "sha256:14fa8d3da147f5fdf9d298cacc18791818f3f1a9f542c8958b80c228320e90c6"},
    {file = "coverage-7.9.2-cp311-cp311-win_amd64.whl", hash = "sha256:549cab4892fc82004f9739963163fd3aac7a7b0df430669b75b86d293d2df2a7"},
    {file = "coverage-7.9.2-cp311-cp311-win_arm64.whl", hash = "sha256:c2667a2b913e307f06aa4e5677f01a9746cd08e4b35e14ebcde6420a9ebb4c62"},
    {file = "coverage-7.9.2-cp312-cp312-macosx_10_13_x86_64.whl", hash = "sha256:ae9eb07f1cfacd9cfe8eaee6f4ff4b8a289a668c39c165cd0c8548484920ffc0"},
    {file = "coverage-7.9.2-cp312-cp312-macosx_11_0_arm64.whl", hash = "sha256:9ce85551f9a1119f02adc46d3014b5ee3f765deac166acf20dbb851ceb79b6f3"},
    {file = "coverage-7.9.2-cp312-cp312-manylinux_2_17_aarch64.manylinux2014_aarch64.whl", hash = "sha256:f8f6389ac977c5fb322e0e38885fbbf901743f79d47f50db706e7644dcdcb6e1"},
    {file = "coverage-7.9.2-cp312-cp312-manylinux_2_5_i686.manylinux1_i686.manylinux_2_17_i686.manylinux2014_i686.whl", hash = "sha256:ff0d9eae8cdfcd58fe7893b88993723583a6ce4dfbfd9f29e001922544f95615"},
    {file = "coverage-7.9.2-cp312-cp312-manylinux_2_5_x86_64.manylinux1_x86_64.manylinux_2_17_x86_64.manylinux2014_x86_64.whl", hash = "sha256:fae939811e14e53ed8a9818dad51d434a41ee09df9305663735f2e2d2d7d959b"},
    {file = "coverage-7.9.2-cp312-cp312-musllinux_1_2_aarch64.whl", hash = "sha256:31991156251ec202c798501e0a42bbdf2169dcb0f137b1f5c0f4267f3fc68ef9"},
    {file = "coverage-7.9.2-cp312-cp312-musllinux_1_2_i686.whl", hash = "sha256:d0d67963f9cbfc7c7f96d4ac74ed60ecbebd2ea6eeb51887af0f8dce205e545f"},
    {file = "coverage-7.9.2-cp312-cp312-musllinux_1_2_x86_64.whl", hash = "sha256:49b752a2858b10580969ec6af6f090a9a440a64a301ac1528d7ca5f7ed497f4d"},
    {file = "coverage-7.9.2-cp312-cp312-win32.whl", hash = "sha256:88d7598b8ee130f32f8a43198ee02edd16d7f77692fa056cb779616bbea1b355"},
    {file = "coverage-7.9.2-cp312-cp312-win_amd64.whl", hash = "sha256:9dfb070f830739ee49d7c83e4941cc767e503e4394fdecb3b54bfdac1d7662c0"},
    {file = "coverage-7.9.2-cp312-cp312-win_arm64.whl", hash = "sha256:4e2c058aef613e79df00e86b6d42a641c877211384ce5bd07585ed7ba71ab31b"},
    {file = "coverage-7.9.2-cp313-cp313-macosx_10_13_x86_64.whl", hash = "sha256:985abe7f242e0d7bba228ab01070fde1d6c8fa12f142e43debe9ed1dde686038"},
    {file = "coverage-7.9.2-cp313-cp313-macosx_11_0_arm64.whl", hash = "sha256:82c3939264a76d44fde7f213924021ed31f55ef28111a19649fec90c0f109e6d"},
    {file = "coverage-7.9.2-cp313-cp313-manylinux_2_17_aarch64.manylinux2014_aarch64.whl", hash = "sha256:ae5d563e970dbe04382f736ec214ef48103d1b875967c89d83c6e3f21706d5b3"},
    {file = "coverage-7.9.2-cp313-cp313-manylinux_2_5_i686.manylinux1_i686.manylinux_2_17_i686.manylinux2014_i686.whl", hash = "sha256:bdd612e59baed2a93c8843c9a7cb902260f181370f1d772f4842987535071d14"},
    {file = "coverage-7.9.2-cp313-cp313-manylinux_2_5_x86_64.manylinux1_x86_64.manylinux_2_17_x86_64.manylinux2014_x86_64.whl", hash = "sha256:256ea87cb2a1ed992bcdfc349d8042dcea1b80436f4ddf6e246d6bee4b5d73b6"},
    {file = "coverage-7.9.2-cp313-cp313-musllinux_1_2_aarch64.whl", hash = "sha256:f44ae036b63c8ea432f610534a2668b0c3aee810e7037ab9d8ff6883de480f5b"},
    {file = "coverage-7.9.2-cp313-cp313-musllinux_1_2_i686.whl", hash = "sha256:82d76ad87c932935417a19b10cfe7abb15fd3f923cfe47dbdaa74ef4e503752d"},
    {file = "coverage-7.9.2-cp313-cp313-musllinux_1_2_x86_64.whl", hash = "sha256:619317bb86de4193debc712b9e59d5cffd91dc1d178627ab2a77b9870deb2868"},
    {file = "coverage-7.9.2-cp313-cp313-win32.whl", hash = "sha256:0a07757de9feb1dfafd16ab651e0f628fd7ce551604d1bf23e47e1ddca93f08a"},
    {file = "coverage-7.9.2-cp313-cp313-win_amd64.whl", hash = "sha256:115db3d1f4d3f35f5bb021e270edd85011934ff97c8797216b62f461dd69374b"},
    {file = "coverage-7.9.2-cp313-cp313-win_arm64.whl", hash = "sha256:48f82f889c80af8b2a7bb6e158d95a3fbec6a3453a1004d04e4f3b5945a02694"},
    {file = "coverage-7.9.2-cp313-cp313t-macosx_10_13_x86_64.whl", hash = "sha256:55a28954545f9d2f96870b40f6c3386a59ba8ed50caf2d949676dac3ecab99f5"},
    {file = "coverage-7.9.2-cp313-cp313t-macosx_11_0_arm64.whl", hash = "sha256:cdef6504637731a63c133bb2e6f0f0214e2748495ec15fe42d1e219d1b133f0b"},
    {file = "coverage-7.9.2-cp313-cp313t-manylinux_2_17_aarch64.manylinux2014_aarch64.whl", hash = "sha256:bcd5ebe66c7a97273d5d2ddd4ad0ed2e706b39630ed4b53e713d360626c3dbb3"},
    {file = "coverage-7.9.2-cp313-cp313t-manylinux_2_5_i686.manylinux1_i686.manylinux_2_17_i686.manylinux2014_i686.whl", hash = "sha256:9303aed20872d7a3c9cb39c5d2b9bdbe44e3a9a1aecb52920f7e7495410dfab8"},
    {file = "coverage-7.9.2-cp313-cp313t-manylinux_2_5_x86_64.manylinux1_x86_64.manylinux_2_17_x86_64.manylinux2014_x86_64.whl", hash = "sha256:bc18ea9e417a04d1920a9a76fe9ebd2f43ca505b81994598482f938d5c315f46"},
    {file = "coverage-7.9.2-cp313-cp313t-musllinux_1_2_aarch64.whl", hash = "sha256:6406cff19880aaaadc932152242523e892faff224da29e241ce2fca329866584"},
    {file = "coverage-7.9.2-cp313-cp313t-musllinux_1_2_i686.whl", hash = "sha256:2d0d4f6ecdf37fcc19c88fec3e2277d5dee740fb51ffdd69b9579b8c31e4232e"},
    {file = "coverage-7.9.2-cp313-cp313t-musllinux_1_2_x86_64.whl", hash = "sha256:c33624f50cf8de418ab2b4d6ca9eda96dc45b2c4231336bac91454520e8d1fac"},
    {file = "coverage-7.9.2-cp313-cp313t-win32.whl", hash = "sha256:1df6b76e737c6a92210eebcb2390af59a141f9e9430210595251fbaf02d46926"},
    {file = "coverage-7.9.2-cp313-cp313t-win_amd64.whl", hash = "sha256:f5fd54310b92741ebe00d9c0d1d7b2b27463952c022da6d47c175d246a98d1bd"},
    {file = "coverage-7.9.2-cp313-cp313t-win_arm64.whl", hash = "sha256:c48c2375287108c887ee87d13b4070a381c6537d30e8487b24ec721bf2a781cb"},
    {file = "coverage-7.9.2-cp39-cp39-macosx_10_9_x86_64.whl", hash = "sha256:ddc39510ac922a5c4c27849b739f875d3e1d9e590d1e7b64c98dadf037a16cce"},
    {file = "coverage-7.9.2-cp39-cp39-macosx_11_0_arm64.whl", hash = "sha256:a535c0c7364acd55229749c2b3e5eebf141865de3a8f697076a3291985f02d30"},
    {file = "coverage-7.9.2-cp39-cp39-manylinux_2_17_aarch64.manylinux2014_aarch64.whl", hash = "sha256:df0f9ef28e0f20c767ccdccfc5ae5f83a6f4a2fbdfbcbcc8487a8a78771168c8"},
    {file = "coverage-7.9.2-cp39-cp39-manylinux_2_5_i686.manylinux1_i686.manylinux_2_17_i686.manylinux2014_i686.whl", hash = "sha256:2f3da12e0ccbcb348969221d29441ac714bbddc4d74e13923d3d5a7a0bebef7a"},
    {file = "coverage-7.9.2-cp39-cp39-manylinux_2_5_x86_64.manylinux1_x86_64.manylinux_2_17_x86_64.manylinux2014_x86_64.whl", hash = "sha256:0a17eaf46f56ae0f870f14a3cbc2e4632fe3771eab7f687eda1ee59b73d09fe4"},
    {file = "coverage-7.9.2-cp39-cp39-musllinux_1_2_aarch64.whl", hash = "sha256:669135a9d25df55d1ed56a11bf555f37c922cf08d80799d4f65d77d7d6123fcf"},
    {file = "coverage-7.9.2-cp39-cp39-musllinux_1_2_i686.whl", hash = "sha256:9d3a700304d01a627df9db4322dc082a0ce1e8fc74ac238e2af39ced4c083193"},
    {file = "coverage-7.9.2-cp39-cp39-musllinux_1_2_x86_64.whl", hash = "sha256:71ae8b53855644a0b1579d4041304ddc9995c7b21c8a1f16753c4d8903b4dfed"},
    {file = "coverage-7.9.2-cp39-cp39-win32.whl", hash = "sha256:dd7a57b33b5cf27acb491e890720af45db05589a80c1ffc798462a765be6d4d7"},
    {file = "coverage-7.9.2-cp39-cp39-win_amd64.whl", hash = "sha256:f65bb452e579d5540c8b37ec105dd54d8b9307b07bcaa186818c104ffda22441"},
    {file = "coverage-7.9.2-pp39.pp310.pp311-none-any.whl", hash = "sha256:8a1166db2fb62473285bcb092f586e081e92656c7dfa8e9f62b4d39d7e6b5050"},
    {file = "coverage-7.9.2-py3-none-any.whl", hash = "sha256:e425cd5b00f6fc0ed7cdbd766c70be8baab4b7839e4d4fe5fac48581dd968ea4"},
    {file = "coverage-7.9.2.tar.gz", hash = "sha256:997024fa51e3290264ffd7492ec97d0690293ccd2b45a6cd7d82d945a4a80c8b"},
]

[package.extras]
toml = ["tomli ; python_full_version <= \"3.11.0a6\""]

[[package]]
name = "distlib"
version = "0.3.8"
description = "Distribution utilities"
optional = false
python-versions = "*"
groups = ["dev"]
files = [
    {file = "distlib-0.3.8-py2.py3-none-any.whl", hash = "sha256:034db59a0b96f8ca18035f36290806a9a6e6bd9d1ff91e45a7f172eb17e51784"},
    {file = "distlib-0.3.8.tar.gz", hash = "sha256:1530ea13e350031b6312d8580ddb6b27a104275a31106523b8f123787f494f64"},
]

[[package]]
name = "filelock"
version = "3.13.4"
description = "A platform independent file lock."
optional = false
python-versions = ">=3.8"
groups = ["dev"]
files = [
    {file = "filelock-3.13.4-py3-none-any.whl", hash = "sha256:404e5e9253aa60ad457cae1be07c0f0ca90a63931200a47d9b6a6af84fd7b45f"},
    {file = "filelock-3.13.4.tar.gz", hash = "sha256:d13f466618bfde72bd2c18255e269f72542c6e70e7bac83a0232d6b1cc5c8cf4"},
]

[package.extras]
docs = ["furo (>=2023.9.10)", "sphinx (>=7.2.6)", "sphinx-autodoc-typehints (>=1.25.2)"]
testing = ["covdefaults (>=2.3)", "coverage (>=7.3.2)", "diff-cover (>=8.0.1)", "pytest (>=7.4.3)", "pytest-cov (>=4.1)", "pytest-mock (>=3.12)", "pytest-timeout (>=2.2)"]
typing = ["typing-extensions (>=4.8) ; python_version < \"3.11\""]

[[package]]
name = "identify"
version = "2.5.35"
description = "File identification library for Python"
optional = false
python-versions = ">=3.8"
groups = ["dev"]
files = [
    {file = "identify-2.5.35-py2.py3-none-any.whl", hash = "sha256:c4de0081837b211594f8e877a6b4fad7ca32bbfc1a9307fdd61c28bfe923f13e"},
    {file = "identify-2.5.35.tar.gz", hash = "sha256:10a7ca245cfcd756a554a7288159f72ff105ad233c7c4b9c6f0f4d108f5f6791"},
]

[package.extras]
license = ["ukkonen"]

[[package]]
name = "iniconfig"
version = "2.0.0"
description = "brain-dead simple config-ini parsing"
optional = false
python-versions = ">=3.7"
groups = ["test"]
files = [
    {file = "iniconfig-2.0.0-py3-none-any.whl", hash = "sha256:b6a85871a79d2e3b22d2d1b94ac2824226a63c6b741c88f7ae975f18b6778374"},
    {file = "iniconfig-2.0.0.tar.gz", hash = "sha256:2d91e135bf72d31a410b17c16da610a82cb55f6b0477d1a902134b24a455b8b3"},
]

[[package]]
name = "nodeenv"
version = "1.8.0"
description = "Node.js virtual environment builder"
optional = false
python-versions = ">=2.7,!=3.0.*,!=3.1.*,!=3.2.*,!=3.3.*,!=3.4.*,!=3.5.*,!=3.6.*"
groups = ["dev"]
files = [
    {file = "nodeenv-1.8.0-py2.py3-none-any.whl", hash = "sha256:df865724bb3c3adc86b3876fa209771517b0cfe596beff01a92700e0e8be4cec"},
    {file = "nodeenv-1.8.0.tar.gz", hash = "sha256:d51e0c37e64fbf47d017feac3145cdbb58836d7eee8c6f6d3b6880c5456227d2"},
]

[package.dependencies]
setuptools = "*"

[[package]]
name = "packaging"
version = "24.0"
description = "Core utilities for Python packages"
optional = false
python-versions = ">=3.7"
groups = ["test"]
files = [
    {file = "packaging-24.0-py3-none-any.whl", hash = "sha256:2ddfb553fdf02fb784c234c7ba6ccc288296ceabec964ad2eae3777778130bc5"},
    {file = "packaging-24.0.tar.gz", hash = "sha256:eb82c5e3e56209074766e6885bb04b8c38a0c015d0a30036ebe7ece34c9989e9"},
]

[[package]]
name = "platformdirs"
version = "4.2.0"
description = "A small Python package for determining appropriate platform-specific dirs, e.g. a \"user data dir\"."
optional = false
python-versions = ">=3.8"
groups = ["dev"]
files = [
    {file = "platformdirs-4.2.0-py3-none-any.whl", hash = "sha256:0614df2a2f37e1a662acbd8e2b25b92ccf8632929bc6d43467e17fe89c75e068"},
    {file = "platformdirs-4.2.0.tar.gz", hash = "sha256:ef0cc731df711022c174543cb70a9b5bd22e5a9337c8624ef2c2ceb8ddad8768"},
]

[package.extras]
docs = ["furo (>=2023.9.10)", "proselint (>=0.13)", "sphinx (>=7.2.6)", "sphinx-autodoc-typehints (>=1.25.2)"]
test = ["appdirs (==1.4.4)", "covdefaults (>=2.3)", "pytest (>=7.4.3)", "pytest-cov (>=4.1)", "pytest-mock (>=3.12)"]

[[package]]
name = "pluggy"
version = "1.5.0"
description = "plugin and hook calling mechanisms for python"
optional = false
python-versions = ">=3.8"
groups = ["test"]
files = [
    {file = "pluggy-1.5.0-py3-none-any.whl", hash = "sha256:44e1ad92c8ca002de6377e165f3e0f1be63266ab4d554740532335b9d75ea669"},
    {file = "pluggy-1.5.0.tar.gz", hash = "sha256:2cffa88e94fdc978c4c574f15f9e59b7f4201d439195c3715ca9e2486f1d0cf1"},
]

[package.extras]
dev = ["pre-commit", "tox"]
testing = ["pytest", "pytest-benchmark"]

[[package]]
name = "pre-commit"
version = "4.2.0"
description = "A framework for managing and maintaining multi-language pre-commit hooks."
optional = false
python-versions = ">=3.9"
groups = ["dev"]
files = [
    {file = "pre_commit-4.2.0-py2.py3-none-any.whl", hash = "sha256:a009ca7205f1eb497d10b845e52c838a98b6cdd2102a6c8e4540e94ee75c58bd"},
    {file = "pre_commit-4.2.0.tar.gz", hash = "sha256:601283b9757afd87d40c4c4a9b2b5de9637a8ea02eaff7adc2d0fb4e04841146"},
]

[package.dependencies]
cfgv = ">=2.0.0"
identify = ">=1.0.0"
nodeenv = ">=0.11.1"
pyyaml = ">=5.1"
virtualenv = ">=20.10.0"

[[package]]
name = "pygments"
version = "2.19.1"
description = "Pygments is a syntax highlighting package written in Python."
optional = false
python-versions = ">=3.8"
groups = ["test"]
files = [
    {file = "pygments-2.19.1-py3-none-any.whl", hash = "sha256:9ea1544ad55cecf4b8242fab6dd35a93bbce657034b0611ee383099054ab6d8c"},
    {file = "pygments-2.19.1.tar.gz", hash = "sha256:61c16d2a8576dc0649d9f39e089b5f02bcd27fba10d8fb4dcc28173f7a45151f"},
]

[package.extras]
windows-terminal = ["colorama (>=0.4.6)"]

[[package]]
name = "pyright"
version = "1.1.403"
description = "Command line wrapper for pyright"
optional = false
python-versions = ">=3.7"
groups = ["dev"]
files = [
    {file = "pyright-1.1.403-py3-none-any.whl", hash = "sha256:c0eeca5aa76cbef3fcc271259bbd785753c7ad7bcac99a9162b4c4c7daed23b3"},
    {file = "pyright-1.1.403.tar.gz", hash = "sha256:3ab69b9f41c67fb5bbb4d7a36243256f0d549ed3608678d381d5f51863921104"},
]

[package.dependencies]
nodeenv = ">=1.6.0"
typing-extensions = ">=4.1"

[package.extras]
all = ["nodejs-wheel-binaries", "twine (>=3.4.1)"]
dev = ["twine (>=3.4.1)"]
nodejs = ["nodejs-wheel-binaries"]

[[package]]
name = "pytest"
version = "8.4.1"
description = "pytest: simple powerful testing with Python"
optional = false
python-versions = ">=3.9"
groups = ["test"]
files = [
    {file = "pytest-8.4.1-py3-none-any.whl", hash = "sha256:539c70ba6fcead8e78eebbf1115e8b589e7565830d7d006a8723f19ac8a0afb7"},
    {file = "pytest-8.4.1.tar.gz", hash = "sha256:7c67fd69174877359ed9371ec3af8a3d2b04741818c51e5e99cc1742251fa93c"},
]

[package.dependencies]
colorama = {version = ">=0.4", markers = "sys_platform == \"win32\""}
iniconfig = ">=1"
packaging = ">=20"
pluggy = ">=1.5,<2"
pygments = ">=2.7.2"

[package.extras]
dev = ["argcomplete", "attrs (>=19.2)", "hypothesis (>=3.56)", "mock", "requests", "setuptools", "xmlschema"]

[[package]]
name = "pyyaml"
version = "6.0.1"
description = "YAML parser and emitter for Python"
optional = false
python-versions = ">=3.6"
groups = ["dev"]
files = [
    {file = "PyYAML-6.0.1-cp310-cp310-macosx_10_9_x86_64.whl", hash = "sha256:d858aa552c999bc8a8d57426ed01e40bef403cd8ccdd0fc5f6f04a00414cac2a"},
    {file = "PyYAML-6.0.1-cp310-cp310-macosx_11_0_arm64.whl", hash = "sha256:fd66fc5d0da6d9815ba2cebeb4205f95818ff4b79c3ebe268e75d961704af52f"},
    {file = "PyYAML-6.0.1-cp310-cp310-manylinux_2_17_aarch64.manylinux2014_aarch64.whl", hash = "sha256:69b023b2b4daa7548bcfbd4aa3da05b3a74b772db9e23b982788168117739938"},
    {file = "PyYAML-6.0.1-cp310-cp310-manylinux_2_17_s390x.manylinux2014_s390x.whl", hash = "sha256:81e0b275a9ecc9c0c0c07b4b90ba548307583c125f54d5b6946cfee6360c733d"},
    {file = "PyYAML-6.0.1-cp310-cp310-manylinux_2_17_x86_64.manylinux2014_x86_64.whl", hash = "sha256:ba336e390cd8e4d1739f42dfe9bb83a3cc2e80f567d8805e11b46f4a943f5515"},
    {file = "PyYAML-6.0.1-cp310-cp310-musllinux_1_1_x86_64.whl", hash = "sha256:326c013efe8048858a6d312ddd31d56e468118ad4cdeda36c719bf5bb6192290"},
    {file = "PyYAML-6.0.1-cp310-cp310-win32.whl", hash = "sha256:bd4af7373a854424dabd882decdc5579653d7868b8fb26dc7d0e99f823aa5924"},
    {file = "PyYAML-6.0.1-cp310-cp310-win_amd64.whl", hash = "sha256:fd1592b3fdf65fff2ad0004b5e363300ef59ced41c2e6b3a99d4089fa8c5435d"},
    {file = "PyYAML-6.0.1-cp311-cp311-macosx_10_9_x86_64.whl", hash = "sha256:6965a7bc3cf88e5a1c3bd2e0b5c22f8d677dc88a455344035f03399034eb3007"},
    {file = "PyYAML-6.0.1-cp311-cp311-macosx_11_0_arm64.whl", hash = "sha256:f003ed9ad21d6a4713f0a9b5a7a0a79e08dd0f221aff4525a2be4c346ee60aab"},
    {file = "PyYAML-6.0.1-cp311-cp311-manylinux_2_17_aarch64.manylinux2014_aarch64.whl", hash = "sha256:42f8152b8dbc4fe7d96729ec2b99c7097d656dc1213a3229ca5383f973a5ed6d"},
    {file = "PyYAML-6.0.1-cp311-cp311-manylinux_2_17_s390x.manylinux2014_s390x.whl", hash = "sha256:062582fca9fabdd2c8b54a3ef1c978d786e0f6b3a1510e0ac93ef59e0ddae2bc"},
    {file = "PyYAML-6.0.1-cp311-cp311-manylinux_2_17_x86_64.manylinux2014_x86_64.whl", hash = "sha256:d2b04aac4d386b172d5b9692e2d2da8de7bfb6c387fa4f801fbf6fb2e6ba4673"},
    {file = "PyYAML-6.0.1-cp311-cp311-musllinux_1_1_x86_64.whl", hash = "sha256:e7d73685e87afe9f3b36c799222440d6cf362062f78be1013661b00c5c6f678b"},
    {file = "PyYAML-6.0.1-cp311-cp311-win32.whl", hash = "sha256:1635fd110e8d85d55237ab316b5b011de701ea0f29d07611174a1b42f1444741"},
    {file = "PyYAML-6.0.1-cp311-cp311-win_amd64.whl", hash = "sha256:bf07ee2fef7014951eeb99f56f39c9bb4af143d8aa3c21b1677805985307da34"},
    {file = "PyYAML-6.0.1-cp312-cp312-macosx_10_9_x86_64.whl", hash = "sha256:855fb52b0dc35af121542a76b9a84f8d1cd886ea97c84703eaa6d88e37a2ad28"},
    {file = "PyYAML-6.0.1-cp312-cp312-macosx_11_0_arm64.whl", hash = "sha256:40df9b996c2b73138957fe23a16a4f0ba614f4c0efce1e9406a184b6d07fa3a9"},
    {file = "PyYAML-6.0.1-cp312-cp312-manylinux_2_17_aarch64.manylinux2014_aarch64.whl", hash = "sha256:a08c6f0fe150303c1c6b71ebcd7213c2858041a7e01975da3a99aed1e7a378ef"},
    {file = "PyYAML-6.0.1-cp312-cp312-manylinux_2_17_x86_64.manylinux2014_x86_64.whl", hash = "sha256:6c22bec3fbe2524cde73d7ada88f6566758a8f7227bfbf93a408a9d86bcc12a0"},
    {file = "PyYAML-6.0.1-cp312-cp312-musllinux_1_1_x86_64.whl", hash = "sha256:8d4e9c88387b0f5c7d5f281e55304de64cf7f9c0021a3525bd3b1c542da3b0e4"},
    {file = "PyYAML-6.0.1-cp312-cp312-win32.whl", hash = "sha256:d483d2cdf104e7c9fa60c544d92981f12ad66a457afae824d146093b8c294c54"},
    {file = "PyYAML-6.0.1-cp312-cp312-win_amd64.whl", hash = "sha256:0d3304d8c0adc42be59c5f8a4d9e3d7379e6955ad754aa9d6ab7a398b59dd1df"},
    {file = "PyYAML-6.0.1-cp36-cp36m-macosx_10_9_x86_64.whl", hash = "sha256:50550eb667afee136e9a77d6dc71ae76a44df8b3e51e41b77f6de2932bfe0f47"},
    {file = "PyYAML-6.0.1-cp36-cp36m-manylinux_2_17_aarch64.manylinux2014_aarch64.whl", hash = "sha256:1fe35611261b29bd1de0070f0b2f47cb6ff71fa6595c077e42bd0c419fa27b98"},
    {file = "PyYAML-6.0.1-cp36-cp36m-manylinux_2_17_s390x.manylinux2014_s390x.whl", hash = "sha256:704219a11b772aea0d8ecd7058d0082713c3562b4e271b849ad7dc4a5c90c13c"},
    {file = "PyYAML-6.0.1-cp36-cp36m-manylinux_2_17_x86_64.manylinux2014_x86_64.whl", hash = "sha256:afd7e57eddb1a54f0f1a974bc4391af8bcce0b444685d936840f125cf046d5bd"},
    {file = "PyYAML-6.0.1-cp36-cp36m-win32.whl", hash = "sha256:fca0e3a251908a499833aa292323f32437106001d436eca0e6e7833256674585"},
    {file = "PyYAML-6.0.1-cp36-cp36m-win_amd64.whl", hash = "sha256:f22ac1c3cac4dbc50079e965eba2c1058622631e526bd9afd45fedd49ba781fa"},
    {file = "PyYAML-6.0.1-cp37-cp37m-macosx_10_9_x86_64.whl", hash = "sha256:b1275ad35a5d18c62a7220633c913e1b42d44b46ee12554e5fd39c70a243d6a3"},
    {file = "PyYAML-6.0.1-cp37-cp37m-manylinux_2_17_aarch64.manylinux2014_aarch64.whl", hash = "sha256:18aeb1bf9a78867dc38b259769503436b7c72f7a1f1f4c93ff9a17de54319b27"},
    {file = "PyYAML-6.0.1-cp37-cp37m-manylinux_2_17_s390x.manylinux2014_s390x.whl", hash = "sha256:596106435fa6ad000c2991a98fa58eeb8656ef2325d7e158344fb33864ed87e3"},
    {file = "PyYAML-6.0.1-cp37-cp37m-manylinux_2_17_x86_64.manylinux2014_x86_64.whl", hash = "sha256:baa90d3f661d43131ca170712d903e6295d1f7a0f595074f151c0aed377c9b9c"},
    {file = "PyYAML-6.0.1-cp37-cp37m-win32.whl", hash = "sha256:9046c58c4395dff28dd494285c82ba00b546adfc7ef001486fbf0324bc174fba"},
    {file = "PyYAML-6.0.1-cp37-cp37m-win_amd64.whl", hash = "sha256:4fb147e7a67ef577a588a0e2c17b6db51dda102c71de36f8549b6816a96e1867"},
    {file = "PyYAML-6.0.1-cp38-cp38-macosx_10_9_x86_64.whl", hash = "sha256:1d4c7e777c441b20e32f52bd377e0c409713e8bb1386e1099c2415f26e479595"},
    {file = "PyYAML-6.0.1-cp38-cp38-manylinux_2_17_aarch64.manylinux2014_aarch64.whl", hash = "sha256:a0cd17c15d3bb3fa06978b4e8958dcdc6e0174ccea823003a106c7d4d7899ac5"},
    {file = "PyYAML-6.0.1-cp38-cp38-manylinux_2_17_s390x.manylinux2014_s390x.whl", hash = "sha256:28c119d996beec18c05208a8bd78cbe4007878c6dd15091efb73a30e90539696"},
    {file = "PyYAML-6.0.1-cp38-cp38-manylinux_2_17_x86_64.manylinux2014_x86_64.whl", hash = "sha256:7e07cbde391ba96ab58e532ff4803f79c4129397514e1413a7dc761ccd755735"},
    {file = "PyYAML-6.0.1-cp38-cp38-musllinux_1_1_x86_64.whl", hash = "sha256:49a183be227561de579b4a36efbb21b3eab9651dd81b1858589f796549873dd6"},
    {file = "PyYAML-6.0.1-cp38-cp38-win32.whl", hash = "sha256:184c5108a2aca3c5b3d3bf9395d50893a7ab82a38004c8f61c258d4428e80206"},
    {file = "PyYAML-6.0.1-cp38-cp38-win_amd64.whl", hash = "sha256:1e2722cc9fbb45d9b87631ac70924c11d3a401b2d7f410cc0e3bbf249f2dca62"},
    {file = "PyYAML-6.0.1-cp39-cp39-macosx_10_9_x86_64.whl", hash = "sha256:9eb6caa9a297fc2c2fb8862bc5370d0303ddba53ba97e71f08023b6cd73d16a8"},
    {file = "PyYAML-6.0.1-cp39-cp39-macosx_11_0_arm64.whl", hash = "sha256:c8098ddcc2a85b61647b2590f825f3db38891662cfc2fc776415143f599bb859"},
    {file = "PyYAML-6.0.1-cp39-cp39-manylinux_2_17_aarch64.manylinux2014_aarch64.whl", hash = "sha256:5773183b6446b2c99bb77e77595dd486303b4faab2b086e7b17bc6bef28865f6"},
    {file = "PyYAML-6.0.1-cp39-cp39-manylinux_2_17_s390x.manylinux2014_s390x.whl", hash = "sha256:b786eecbdf8499b9ca1d697215862083bd6d2a99965554781d0d8d1ad31e13a0"},
    {file = "PyYAML-6.0.1-cp39-cp39-manylinux_2_17_x86_64.manylinux2014_x86_64.whl", hash = "sha256:bc1bf2925a1ecd43da378f4db9e4f799775d6367bdb94671027b73b393a7c42c"},
    {file = "PyYAML-6.0.1-cp39-cp39-musllinux_1_1_x86_64.whl", hash = "sha256:04ac92ad1925b2cff1db0cfebffb6ffc43457495c9b3c39d3fcae417d7125dc5"},
    {file = "PyYAML-6.0.1-cp39-cp39-win32.whl", hash = "sha256:faca3bdcf85b2fc05d06ff3fbc1f83e1391b3e724afa3feba7d13eeab355484c"},
    {file = "PyYAML-6.0.1-cp39-cp39-win_amd64.whl", hash = "sha256:510c9deebc5c0225e8c96813043e62b680ba2f9c50a08d3724c7f28a747d1486"},
    {file = "PyYAML-6.0.1.tar.gz", hash = "sha256:bfdf460b1736c775f2ba9f6a92bca30bc2095067b8a9d77876d1fad6cc3b4a43"},
]

[[package]]
name = "ruff"
version = "0.12.3"
description = "An extremely fast Python linter and code formatter, written in Rust."
optional = false
python-versions = ">=3.7"
groups = ["dev"]
files = [
    {file = "ruff-0.12.3-py3-none-linux_armv6l.whl", hash = "sha256:47552138f7206454eaf0c4fe827e546e9ddac62c2a3d2585ca54d29a890137a2"},
    {file = "ruff-0.12.3-py3-none-macosx_10_12_x86_64.whl", hash = "sha256:0a9153b000c6fe169bb307f5bd1b691221c4286c133407b8827c406a55282041"},
    {file = "ruff-0.12.3-py3-none-macosx_11_0_arm64.whl", hash = "sha256:fa6b24600cf3b750e48ddb6057e901dd5b9aa426e316addb2a1af185a7509882"},
    {file = "ruff-0.12.3-py3-none-manylinux_2_17_aarch64.manylinux2014_aarch64.whl", hash = "sha256:e2506961bf6ead54887ba3562604d69cb430f59b42133d36976421bc8bd45901"},
    {file = "ruff-0.12.3-py3-none-manylinux_2_17_armv7l.manylinux2014_armv7l.whl", hash = "sha256:c4faaff1f90cea9d3033cbbcdf1acf5d7fb11d8180758feb31337391691f3df0"},
    {file = "ruff-0.12.3-py3-none-manylinux_2_17_i686.manylinux2014_i686.whl", hash = "sha256:40dced4a79d7c264389de1c59467d5d5cefd79e7e06d1dfa2c75497b5269a5a6"},
    {file = "ruff-0.12.3-py3-none-manylinux_2_17_ppc64.manylinux2014_ppc64.whl", hash = "sha256:0262d50ba2767ed0fe212aa7e62112a1dcbfd46b858c5bf7bbd11f326998bafc"},
    {file = "ruff-0.12.3-py3-none-manylinux_2_17_ppc64le.manylinux2014_ppc64le.whl", hash = "sha256:12371aec33e1a3758597c5c631bae9a5286f3c963bdfb4d17acdd2d395406687"},
    {file = "ruff-0.12.3-py3-none-manylinux_2_17_s390x.manylinux2014_s390x.whl", hash = "sha256:560f13b6baa49785665276c963edc363f8ad4b4fc910a883e2625bdb14a83a9e"},
    {file = "ruff-0.12.3-py3-none-manylinux_2_17_x86_64.manylinux2014_x86_64.whl", hash = "sha256:023040a3499f6f974ae9091bcdd0385dd9e9eb4942f231c23c57708147b06311"},
    {file = "ruff-0.12.3-py3-none-musllinux_1_2_aarch64.whl", hash = "sha256:883d844967bffff5ab28bba1a4d246c1a1b2933f48cb9840f3fdc5111c603b07"},
    {file = "ruff-0.12.3-py3-none-musllinux_1_2_armv7l.whl", hash = "sha256:2120d3aa855ff385e0e562fdee14d564c9675edbe41625c87eeab744a7830d12"},
    {file = "ruff-0.12.3-py3-none-musllinux_1_2_i686.whl", hash = "sha256:6b16647cbb470eaf4750d27dddc6ebf7758b918887b56d39e9c22cce2049082b"},
    {file = "ruff-0.12.3-py3-none-musllinux_1_2_x86_64.whl", hash = "sha256:e1417051edb436230023575b149e8ff843a324557fe0a265863b7602df86722f"},
    {file = "ruff-0.12.3-py3-none-win32.whl", hash = "sha256:dfd45e6e926deb6409d0616078a666ebce93e55e07f0fb0228d4b2608b2c248d"},
    {file = "ruff-0.12.3-py3-none-win_amd64.whl", hash = "sha256:a946cf1e7ba3209bdef039eb97647f1c77f6f540e5845ec9c114d3af8df873e7"},
    {file = "ruff-0.12.3-py3-none-win_arm64.whl", hash = "sha256:5f9c7c9c8f84c2d7f27e93674d27136fbf489720251544c4da7fb3d742e011b1"},
    {file = "ruff-0.12.3.tar.gz", hash = "sha256:f1b5a4b6668fd7b7ea3697d8d98857390b40c1320a63a178eee6be0899ea2d77"},
]

[[package]]
name = "setuptools"
version = "70.0.0"
description = "Easily download, build, install, upgrade, and uninstall Python packages"
optional = false
python-versions = ">=3.8"
groups = ["dev"]
files = [
    {file = "setuptools-70.0.0-py3-none-any.whl", hash = "sha256:54faa7f2e8d2d11bcd2c07bed282eef1046b5c080d1c32add737d7b5817b1ad4"},
    {file = "setuptools-70.0.0.tar.gz", hash = "sha256:f211a66637b8fa059bb28183da127d4e86396c991a942b028c6650d4319c3fd0"},
]

[package.extras]
docs = ["furo", "jaraco.packaging (>=9.3)", "jaraco.tidelift (>=1.4)", "pygments-github-lexers (==0.0.5)", "pyproject-hooks (!=1.1)", "rst.linker (>=1.9)", "sphinx (>=3.5)", "sphinx-favicon", "sphinx-inline-tabs", "sphinx-lint", "sphinx-notfound-page (>=1,<2)", "sphinx-reredirects", "sphinxcontrib-towncrier"]
testing = ["build[virtualenv] (>=1.0.3)", "filelock (>=3.4.0)", "importlib-metadata", "ini2toml[lite] (>=0.14)", "jaraco.develop (>=7.21) ; python_version >= \"3.9\" and sys_platform != \"cygwin\"", "jaraco.envs (>=2.2)", "jaraco.path (>=3.2.0)", "mypy (==1.9)", "packaging (>=23.2)", "pip (>=19.1)", "pyproject-hooks (!=1.1)", "pytest (>=6,!=8.1.1)", "pytest-checkdocs (>=2.4)", "pytest-cov ; platform_python_implementation != \"PyPy\"", "pytest-enabler (>=2.2)", "pytest-home (>=0.5)", "pytest-mypy", "pytest-perf ; sys_platform != \"cygwin\"", "pytest-ruff (>=0.2.1) ; sys_platform != \"cygwin\"", "pytest-subprocess", "pytest-timeout", "pytest-xdist (>=3)", "tomli", "tomli-w (>=1.0.0)", "virtualenv (>=13.0.0)", "wheel"]

[[package]]
name = "typing-extensions"
version = "4.12.2"
description = "Backported and Experimental Type Hints for Python 3.8+"
optional = false
python-versions = ">=3.8"
groups = ["dev"]
files = [
    {file = "typing_extensions-4.12.2-py3-none-any.whl", hash = "sha256:04e5ca0351e0f3f85c6853954072df659d0d13fac324d0072316b67d7794700d"},
    {file = "typing_extensions-4.12.2.tar.gz", hash = "sha256:1a7ead55c7e559dd4dee8856e3a88b41225abfe1ce8df57b7c13915fe121ffb8"},
]

[[package]]
name = "virtualenv"
version = "20.26.6"
description = "Virtual Python Environment builder"
optional = false
python-versions = ">=3.7"
groups = ["dev"]
files = [
    {file = "virtualenv-20.26.6-py3-none-any.whl", hash = "sha256:7345cc5b25405607a624d8418154577459c3e0277f5466dd79c49d5e492995f2"},
    {file = "virtualenv-20.26.6.tar.gz", hash = "sha256:280aede09a2a5c317e409a00102e7077c6432c5a38f0ef938e643805a7ad2c48"},
]

[package.dependencies]
distlib = ">=0.3.7,<1"
filelock = ">=3.12.2,<4"
platformdirs = ">=3.9.1,<5"

[package.extras]
docs = ["furo (>=2023.7.26)", "proselint (>=0.13)", "sphinx (>=7.1.2,!=7.3)", "sphinx-argparse (>=0.4)", "sphinxcontrib-towncrier (>=0.2.1a0)", "towncrier (>=23.6)"]
test = ["covdefaults (>=2.3)", "coverage (>=7.2.7)", "coverage-enable-subprocess (>=1)", "flaky (>=3.7)", "packaging (>=23.1)", "pytest (>=7.4)", "pytest-env (>=0.8.2)", "pytest-freezer (>=0.4.8) ; platform_python_implementation == \"PyPy\" or platform_python_implementation == \"CPython\" and sys_platform == \"win32\" and python_version >= \"3.13\"", "pytest-mock (>=3.11.1)", "pytest-randomly (>=3.12)", "pytest-timeout (>=2.1)", "setuptools (>=68)", "time-machine (>=2.10) ; platform_python_implementation == \"CPython\""]

[metadata]
lock-version = "2.1"
python-versions = "^3.11"
content-hash = "0205d3a184a44908b7a5959f0daf26d87167637fe34304f2c5923bed1a3efbe5"
